
Microsoft Visual Studio Solution File, Format Version 12.00
# Visual Studio 15
VisualStudioVersion = 15.0.26124.0
MinimumVisualStudioVersion = 15.0.26124.0
Project("{FAE04EC0-301F-11D3-BF4B-00C04F79EFBC}") = "GameTop", "GameTop\GameTop.csproj", "{DC78D84A-74E0-4597-A596-BBEFC07900AB}"
EndProject
Project("{FAE04EC0-301F-11D3-BF4B-00C04F79EFBC}") = "GameTop.Lib", "GameTop.Lib\GameTop.Lib.csproj", "{1B9149E1-1247-4FE5-982D-2C56D6D275FB}"
EndProject
Project("{FAE04EC0-301F-11D3-BF4B-00C04F79EFBC}") = "GameTop.Interface", "GameTop.Interface\GameTop.Interface.csproj", "{53058077-3012-4A49-A4A4-D0C937C4C611}"
EndProject
Global
	GlobalSection(SolutionConfigurationPlatforms) = preSolution
		Debug|Any CPU = Debug|Any CPU
		Debug|x64 = Debug|x64
		Debug|x86 = Debug|x86
		Release|Any CPU = Release|Any CPU
		Release|x64 = Release|x64
		Release|x86 = Release|x86
	EndGlobalSection
	GlobalSection(SolutionProperties) = preSolution
		HideSolutionNode = FALSE
	EndGlobalSection
	GlobalSection(ProjectConfigurationPlatforms) = postSolution
		{DC78D84A-74E0-4597-A596-BBEFC07900AB}.Debug|Any CPU.ActiveCfg = Debug|Any CPU
		{DC78D84A-74E0-4597-A596-BBEFC07900AB}.Debug|Any CPU.Build.0 = Debug|Any CPU
		{DC78D84A-74E0-4597-A596-BBEFC07900AB}.Debug|x64.ActiveCfg = Debug|Any CPU
		{DC78D84A-74E0-4597-A596-BBEFC07900AB}.Debug|x64.Build.0 = Debug|Any CPU
		{DC78D84A-74E0-4597-A596-BBEFC07900AB}.Debug|x86.ActiveCfg = Debug|Any CPU
		{DC78D84A-74E0-4597-A596-BBEFC07900AB}.Debug|x86.Build.0 = Debug|Any CPU
		{DC78D84A-74E0-4597-A596-BBEFC07900AB}.Release|Any CPU.ActiveCfg = Release|Any CPU
		{DC78D84A-74E0-4597-A596-BBEFC07900AB}.Release|Any CPU.Build.0 = Release|Any CPU
		{DC78D84A-74E0-4597-A596-BBEFC07900AB}.Release|x64.ActiveCfg = Release|Any CPU
		{DC78D84A-74E0-4597-A596-BBEFC07900AB}.Release|x64.Build.0 = Release|Any CPU
		{DC78D84A-74E0-4597-A596-BBEFC07900AB}.Release|x86.ActiveCfg = Release|Any CPU
		{DC78D84A-74E0-4597-A596-BBEFC07900AB}.Release|x86.Build.0 = Release|Any CPU
		{1B9149E1-1247-4FE5-982D-2C56D6D275FB}.Debug|Any CPU.ActiveCfg = Debug|Any CPU
		{1B9149E1-1247-4FE5-982D-2C56D6D275FB}.Debug|Any CPU.Build.0 = Debug|Any CPU
		{1B9149E1-1247-4FE5-982D-2C56D6D275FB}.Debug|x64.ActiveCfg = Debug|Any CPU
		{1B9149E1-1247-4FE5-982D-2C56D6D275FB}.Debug|x64.Build.0 = Debug|Any CPU
		{1B9149E1-1247-4FE5-982D-2C56D6D275FB}.Debug|x86.ActiveCfg = Debug|Any CPU
		{1B9149E1-1247-4FE5-982D-2C56D6D275FB}.Debug|x86.Build.0 = Debug|Any CPU
		{1B9149E1-1247-4FE5-982D-2C56D6D275FB}.Release|Any CPU.ActiveCfg = Release|Any CPU
		{1B9149E1-1247-4FE5-982D-2C56D6D275FB}.Release|Any CPU.Build.0 = Release|Any CPU
		{1B9149E1-1247-4FE5-982D-2C56D6D275FB}.Release|x64.ActiveCfg = Release|Any CPU
		{1B9149E1-1247-4FE5-982D-2C56D6D275FB}.Release|x64.Build.0 = Release|Any CPU
		{1B9149E1-1247-4FE5-982D-2C56D6D275FB}.Release|x86.ActiveCfg = Release|Any CPU
		{1B9149E1-1247-4FE5-982D-2C56D6D275FB}.Release|x86.Build.0 = Release|Any CPU
		{53058077-3012-4A49-A4A4-D0C937C4C611}.Debug|Any CPU.ActiveCfg = Debug|Any CPU
		{53058077-3012-4A49-A4A4-D0C937C4C611}.Debug|Any CPU.Build.0 = Debug|Any CPU
		{53058077-3012-4A49-A4A4-D0C937C4C611}.Debug|x64.ActiveCfg = Debug|Any CPU
		{53058077-3012-4A49-A4A4-D0C937C4C611}.Debug|x64.Build.0 = Debug|Any CPU
		{53058077-3012-4A49-A4A4-D0C937C4C611}.Debug|x86.ActiveCfg = Debug|Any CPU
		{53058077-3012-4A49-A4A4-D0C937C4C611}.Debug|x86.Build.0 = Debug|Any CPU
		{53058077-3012-4A49-A4A4-D0C937C4C611}.Release|Any CPU.ActiveCfg = Release|Any CPU
		{53058077-3012-4A49-A4A4-D0C937C4C611}.Release|Any CPU.Build.0 = Release|Any CPU
		{53058077-3012-4A49-A4A4-D0C937C4C611}.Release|x64.ActiveCfg = Release|Any CPU
		{53058077-3012-4A49-A4A4-D0C937C4C611}.Release|x64.Build.0 = Release|Any CPU
		{53058077-3012-4A49-A4A4-D0C937C4C611}.Release|x86.ActiveCfg = Release|Any CPU
		{53058077-3012-4A49-A4A4-D0C937C4C611}.Release|x86.Build.0 = Release|Any CPU
	EndGlobalSection
EndGlobal
